
Microsoft Visual Studio Solution File, Format Version 12.00
# Visual Studio 14
VisualStudioVersion = 14.0.24720.0
MinimumVisualStudioVersion = 10.0.40219.1
Project("{FAE04EC0-301F-11D3-BF4B-00C04F79EFBC}") = "AIMS.API", "AIMS.API\AIMS.API.csproj", "{FE7B9943-0118-4D75-BDF1-40754DBB95D8}"
EndProject
Project("{FAE04EC0-301F-11D3-BF4B-00C04F79EFBC}") = "AIMS.DomainModel.Abstractions", "AIMS.DomainModel.Abstractions\AIMS.DomainModel.Abstractions.csproj", "{968D499D-D2D4-4591-82B4-A04594220578}"
EndProject
Project("{FAE04EC0-301F-11D3-BF4B-00C04F79EFBC}") = "AIMS.DomainModel.Interface", "AIMS.DomainModel.Interface\AIMS.DomainModel.Interface.csproj", "{6B7CDD03-0CB3-4EDF-A9A6-9B8F6BD6B3E5}"
EndProject
Project("{2150E333-8FDC-42A3-9474-1A3956D46DE8}") = "Domain Model", "Domain Model", "{3F68BA13-CF26-4E9A-935E-C5FBD68C182F}"
EndProject
Project("{2150E333-8FDC-42A3-9474-1A3956D46DE8}") = "API", "API", "{F1800EC4-55DC-46B6-AB12-BF9220C50AF1}"
EndProject
Project("{FAE04EC0-301F-11D3-BF4B-00C04F79EFBC}") = "AIMS.Services.Indexer.Interface", "AIMS.Services.Indexer.Interface\AIMS.Services.Indexer.Interface.csproj", "{0DDCBB0D-1A33-4D67-AF8D-B1224A6C05E1}"
EndProject
Project("{2150E333-8FDC-42A3-9474-1A3956D46DE8}") = "Services", "Services", "{58F4C39D-B91D-453A-BEAC-9A1EA280879C}"
EndProject
Project("{FAE04EC0-301F-11D3-BF4B-00C04F79EFBC}") = "AIMS.Services.Indexer", "AIMS.Services.Indexer\AIMS.Services.Indexer.csproj", "{DAB5CAA3-640F-44E8-A507-E55AA7651E91}"
EndProject
Project("{FAE04EC0-301F-11D3-BF4B-00C04F79EFBC}") = "AIMS.Services.IoC", "AIMS.Services.IoC\AIMS.Services.IoC.csproj", "{2207CAF8-F541-4342-8BBB-CB2F6B3A4C29}"
EndProject
Project("{FAE04EC0-301F-11D3-BF4B-00C04F79EFBC}") = "AIMS.DomainModel", "AIMS.DomainModel\AIMS.DomainModel.csproj", "{7FF08F75-1853-4AF4-B269-0491B4BABCF1}"
EndProject
Project("{FAE04EC0-301F-11D3-BF4B-00C04F79EFBC}") = "AIMS.Client", "AIMS.Client\AIMS.Client.csproj", "{23219ED5-4AF3-49B3-953C-1C69DC2B5B6E}"
EndProject
Project("{2150E333-8FDC-42A3-9474-1A3956D46DE8}") = "Clients", "Clients", "{81C0EE56-C7A2-4B90-876B-B809EF2F6E8F}"
EndProject
Project("{FAE04EC0-301F-11D3-BF4B-00C04F79EFBC}") = "AIMS.DistributedServices.Infrastructure", "AIMS.DistributedServices.Infrastructure\AIMS.DistributedServices.Infrastructure.csproj", "{6027ADF0-25D7-4ED9-86AC-F7E4478F720B}"
EndProject
Project("{FAE04EC0-301F-11D3-BF4B-00C04F79EFBC}") = "AIMS.Services.TransactionProcessing", "AIMS.Services.TransactionProcessing\AIMS.Services.TransactionProcessing.csproj", "{69212075-ECD3-418C-82F6-C909FD21330A}"
EndProject
Project("{FAE04EC0-301F-11D3-BF4B-00C04F79EFBC}") = "AIMS.Services.Scripting", "AIMS.Services.Scripting\AIMS.Services.Scripting.csproj", "{7F7BCF88-5CB9-4B16-BB3C-F57E74C40C1C}"
EndProject
Global
	GlobalSection(SolutionConfigurationPlatforms) = preSolution
		Debug|Any CPU = Debug|Any CPU
		Release|Any CPU = Release|Any CPU
	EndGlobalSection
	GlobalSection(ProjectConfigurationPlatforms) = postSolution
		{FE7B9943-0118-4D75-BDF1-40754DBB95D8}.Debug|Any CPU.ActiveCfg = Debug|Any CPU
		{FE7B9943-0118-4D75-BDF1-40754DBB95D8}.Debug|Any CPU.Build.0 = Debug|Any CPU
		{FE7B9943-0118-4D75-BDF1-40754DBB95D8}.Release|Any CPU.ActiveCfg = Release|Any CPU
		{FE7B9943-0118-4D75-BDF1-40754DBB95D8}.Release|Any CPU.Build.0 = Release|Any CPU
		{968D499D-D2D4-4591-82B4-A04594220578}.Debug|Any CPU.ActiveCfg = Debug|Any CPU
		{968D499D-D2D4-4591-82B4-A04594220578}.Debug|Any CPU.Build.0 = Debug|Any CPU
		{968D499D-D2D4-4591-82B4-A04594220578}.Release|Any CPU.ActiveCfg = Release|Any CPU
		{968D499D-D2D4-4591-82B4-A04594220578}.Release|Any CPU.Build.0 = Release|Any CPU
		{6B7CDD03-0CB3-4EDF-A9A6-9B8F6BD6B3E5}.Debug|Any CPU.ActiveCfg = Debug|Any CPU
		{6B7CDD03-0CB3-4EDF-A9A6-9B8F6BD6B3E5}.Debug|Any CPU.Build.0 = Debug|Any CPU
		{6B7CDD03-0CB3-4EDF-A9A6-9B8F6BD6B3E5}.Release|Any CPU.ActiveCfg = Release|Any CPU
		{6B7CDD03-0CB3-4EDF-A9A6-9B8F6BD6B3E5}.Release|Any CPU.Build.0 = Release|Any CPU
		{0DDCBB0D-1A33-4D67-AF8D-B1224A6C05E1}.Debug|Any CPU.ActiveCfg = Debug|Any CPU
		{0DDCBB0D-1A33-4D67-AF8D-B1224A6C05E1}.Debug|Any CPU.Build.0 = Debug|Any CPU
		{0DDCBB0D-1A33-4D67-AF8D-B1224A6C05E1}.Release|Any CPU.ActiveCfg = Release|Any CPU
		{0DDCBB0D-1A33-4D67-AF8D-B1224A6C05E1}.Release|Any CPU.Build.0 = Release|Any CPU
		{DAB5CAA3-640F-44E8-A507-E55AA7651E91}.Debug|Any CPU.ActiveCfg = Debug|Any CPU
		{DAB5CAA3-640F-44E8-A507-E55AA7651E91}.Debug|Any CPU.Build.0 = Debug|Any CPU
		{DAB5CAA3-640F-44E8-A507-E55AA7651E91}.Release|Any CPU.ActiveCfg = Release|Any CPU
		{DAB5CAA3-640F-44E8-A507-E55AA7651E91}.Release|Any CPU.Build.0 = Release|Any CPU
		{2207CAF8-F541-4342-8BBB-CB2F6B3A4C29}.Debug|Any CPU.ActiveCfg = Debug|Any CPU
		{2207CAF8-F541-4342-8BBB-CB2F6B3A4C29}.Debug|Any CPU.Build.0 = Debug|Any CPU
		{2207CAF8-F541-4342-8BBB-CB2F6B3A4C29}.Release|Any CPU.ActiveCfg = Release|Any CPU
		{2207CAF8-F541-4342-8BBB-CB2F6B3A4C29}.Release|Any CPU.Build.0 = Release|Any CPU
		{7FF08F75-1853-4AF4-B269-0491B4BABCF1}.Debug|Any CPU.ActiveCfg = Debug|Any CPU
		{7FF08F75-1853-4AF4-B269-0491B4BABCF1}.Debug|Any CPU.Build.0 = Debug|Any CPU
		{7FF08F75-1853-4AF4-B269-0491B4BABCF1}.Release|Any CPU.ActiveCfg = Release|Any CPU
		{7FF08F75-1853-4AF4-B269-0491B4BABCF1}.Release|Any CPU.Build.0 = Release|Any CPU
		{23219ED5-4AF3-49B3-953C-1C69DC2B5B6E}.Debug|Any CPU.ActiveCfg = Debug|Any CPU
		{23219ED5-4AF3-49B3-953C-1C69DC2B5B6E}.Debug|Any CPU.Build.0 = Debug|Any CPU
		{23219ED5-4AF3-49B3-953C-1C69DC2B5B6E}.Release|Any CPU.ActiveCfg = Release|Any CPU
		{23219ED5-4AF3-49B3-953C-1C69DC2B5B6E}.Release|Any CPU.Build.0 = Release|Any CPU
		{6027ADF0-25D7-4ED9-86AC-F7E4478F720B}.Debug|Any CPU.ActiveCfg = Debug|Any CPU
		{6027ADF0-25D7-4ED9-86AC-F7E4478F720B}.Debug|Any CPU.Build.0 = Debug|Any CPU
		{6027ADF0-25D7-4ED9-86AC-F7E4478F720B}.Release|Any CPU.ActiveCfg = Release|Any CPU
		{6027ADF0-25D7-4ED9-86AC-F7E4478F720B}.Release|Any CPU.Build.0 = Release|Any CPU
		{69212075-ECD3-418C-82F6-C909FD21330A}.Debug|Any CPU.ActiveCfg = Debug|Any CPU
		{69212075-ECD3-418C-82F6-C909FD21330A}.Debug|Any CPU.Build.0 = Debug|Any CPU
		{69212075-ECD3-418C-82F6-C909FD21330A}.Release|Any CPU.ActiveCfg = Release|Any CPU
		{69212075-ECD3-418C-82F6-C909FD21330A}.Release|Any CPU.Build.0 = Release|Any CPU
		{7F7BCF88-5CB9-4B16-BB3C-F57E74C40C1C}.Debug|Any CPU.ActiveCfg = Debug|Any CPU
		{7F7BCF88-5CB9-4B16-BB3C-F57E74C40C1C}.Debug|Any CPU.Build.0 = Debug|Any CPU
		{7F7BCF88-5CB9-4B16-BB3C-F57E74C40C1C}.Release|Any CPU.ActiveCfg = Release|Any CPU
		{7F7BCF88-5CB9-4B16-BB3C-F57E74C40C1C}.Release|Any CPU.Build.0 = Release|Any CPU
	EndGlobalSection
	GlobalSection(SolutionProperties) = preSolution
		HideSolutionNode = FALSE
	EndGlobalSection
	GlobalSection(NestedProjects) = preSolution
		{FE7B9943-0118-4D75-BDF1-40754DBB95D8} = {F1800EC4-55DC-46B6-AB12-BF9220C50AF1}
		{968D499D-D2D4-4591-82B4-A04594220578} = {3F68BA13-CF26-4E9A-935E-C5FBD68C182F}
		{6B7CDD03-0CB3-4EDF-A9A6-9B8F6BD6B3E5} = {3F68BA13-CF26-4E9A-935E-C5FBD68C182F}
		{0DDCBB0D-1A33-4D67-AF8D-B1224A6C05E1} = {58F4C39D-B91D-453A-BEAC-9A1EA280879C}
		{DAB5CAA3-640F-44E8-A507-E55AA7651E91} = {58F4C39D-B91D-453A-BEAC-9A1EA280879C}
		{2207CAF8-F541-4342-8BBB-CB2F6B3A4C29} = {58F4C39D-B91D-453A-BEAC-9A1EA280879C}
		{7FF08F75-1853-4AF4-B269-0491B4BABCF1} = {3F68BA13-CF26-4E9A-935E-C5FBD68C182F}
		{23219ED5-4AF3-49B3-953C-1C69DC2B5B6E} = {81C0EE56-C7A2-4B90-876B-B809EF2F6E8F}
		{6027ADF0-25D7-4ED9-86AC-F7E4478F720B} = {58F4C39D-B91D-453A-BEAC-9A1EA280879C}
		{69212075-ECD3-418C-82F6-C909FD21330A} = {58F4C39D-B91D-453A-BEAC-9A1EA280879C}
		{7F7BCF88-5CB9-4B16-BB3C-F57E74C40C1C} = {58F4C39D-B91D-453A-BEAC-9A1EA280879C}
	EndGlobalSection
EndGlobal
